
Microsoft Visual Studio Solution File, Format Version 11.00
# Visual C++ Express 2010
Project("{8BC9CEB8-8B4A-11D0-8D11-00A0C91BC942}") = "RTOS4", "RTOS4.vcxproj", "{9239703B-DBD3-4D74-8262-3DCB536BF42F}"
EndProject
Project("{8BC9CEB8-8B4A-11D0-8D11-00A0C91BC942}") = "RTOS4_Test", "..\RTOS4_Test\RTOS4_Test.vcxproj", "{2EDCA162-02CD-4F14-B5F6-715B73C5ED0D}"
	ProjectSection(ProjectDependencies) = postProject
		{9239703B-DBD3-4D74-8262-3DCB536BF42F} = {9239703B-DBD3-4D74-8262-3DCB536BF42F}
	EndProjectSection
EndProject
Global
	GlobalSection(SolutionConfigurationPlatforms) = preSolution
		Debug|Win32 = Debug|Win32
		Release|Win32 = Release|Win32
	EndGlobalSection
	GlobalSection(ProjectConfigurationPlatforms) = postSolution
		{9239703B-DBD3-4D74-8262-3DCB536BF42F}.Debug|Win32.ActiveCfg = Debug|Win32
		{9239703B-DBD3-4D74-8262-3DCB536BF42F}.Debug|Win32.Build.0 = Debug|Win32
		{9239703B-DBD3-4D74-8262-3DCB536BF42F}.Release|Win32.ActiveCfg = Release|Win32
		{9239703B-DBD3-4D74-8262-3DCB536BF42F}.Release|Win32.Build.0 = Release|Win32
		{2EDCA162-02CD-4F14-B5F6-715B73C5ED0D}.Debug|Win32.ActiveCfg = Debug|Win32
		{2EDCA162-02CD-4F14-B5F6-715B73C5ED0D}.Debug|Win32.Build.0 = Debug|Win32
		{2EDCA162-02CD-4F14-B5F6-715B73C5ED0D}.Release|Win32.ActiveCfg = Release|Win32
		{2EDCA162-02CD-4F14-B5F6-715B73C5ED0D}.Release|Win32.Build.0 = Release|Win32
	EndGlobalSection
	GlobalSection(SolutionProperties) = preSolution
		HideSolutionNode = FALSE
	EndGlobalSection
EndGlobal
